
Microsoft Visual Studio Solution File, Format Version 11.00
# Visual C# Express 2010
Project("{FAE04EC0-301F-11D3-BF4B-00C04F79EFBC}") = "FaceRecognizerUI", "FaceRecognizer\FaceRecognizerUI.csproj", "{D696389A-ACC0-4647-B446-77D648D4627A}"
EndProject
Project("{FAE04EC0-301F-11D3-BF4B-00C04F79EFBC}") = "FaceRecognizerStyle", "FaceRecognizerStyle\FaceRecognizerStyle.csproj", "{80E30FC9-D016-427E-9811-CA0412FBEE9B}"
EndProject
Global
	GlobalSection(SolutionConfigurationPlatforms) = preSolution
		Debug|x86 = Debug|x86
		Release|x86 = Release|x86
	EndGlobalSection
	GlobalSection(ProjectConfigurationPlatforms) = postSolution
		{D696389A-ACC0-4647-B446-77D648D4627A}.Debug|x86.ActiveCfg = Debug|x86
		{D696389A-ACC0-4647-B446-77D648D4627A}.Debug|x86.Build.0 = Debug|x86
		{D696389A-ACC0-4647-B446-77D648D4627A}.Release|x86.ActiveCfg = Release|x86
		{D696389A-ACC0-4647-B446-77D648D4627A}.Release|x86.Build.0 = Release|x86
		{80E30FC9-D016-427E-9811-CA0412FBEE9B}.Debug|x86.ActiveCfg = Debug|x86
		{80E30FC9-D016-427E-9811-CA0412FBEE9B}.Debug|x86.Build.0 = Debug|x86
		{80E30FC9-D016-427E-9811-CA0412FBEE9B}.Release|x86.ActiveCfg = Release|x86
		{80E30FC9-D016-427E-9811-CA0412FBEE9B}.Release|x86.Build.0 = Release|x86
	EndGlobalSection
	GlobalSection(SolutionProperties) = preSolution
		HideSolutionNode = FALSE
	EndGlobalSection
EndGlobal
